
Microsoft Visual Studio Solution File, Format Version 12.00
# Visual Studio Version 17
VisualStudioVersion = 17.2.32630.192
MinimumVisualStudioVersion = 10.0.40219.1
Project("{FAE04EC0-301F-11D3-BF4B-00C04F79EFBC}") = "asterisco", "asterisco.csproj", "{BC2F7F15-9C50-4F89-8345-AF374C5B628D}"
EndProject
Global
	GlobalSection(SolutionConfigurationPlatforms) = preSolution
		Debug|Any CPU = Debug|Any CPU
		Release|Any CPU = Release|Any CPU
	EndGlobalSection
	GlobalSection(ProjectConfigurationPlatforms) = postSolution
		{BC2F7F15-9C50-4F89-8345-AF374C5B628D}.Debug|Any CPU.ActiveCfg = Debug|Any CPU
		{BC2F7F15-9C50-4F89-8345-AF374C5B628D}.Debug|Any CPU.Build.0 = Debug|Any CPU
		{BC2F7F15-9C50-4F89-8345-AF374C5B628D}.Release|Any CPU.ActiveCfg = Release|Any CPU
		{BC2F7F15-9C50-4F89-8345-AF374C5B628D}.Release|Any CPU.Build.0 = Release|Any CPU
	EndGlobalSection
	GlobalSection(SolutionProperties) = preSolution
		HideSolutionNode = FALSE
	EndGlobalSection
	GlobalSection(ExtensibilityGlobals) = postSolution
		SolutionGuid = {CF82D8E0-5E49-4E42-BE6D-6B5D855B4CCF}
	EndGlobalSection
EndGlobal
