
Microsoft Visual Studio Solution File, Format Version 12.00
# Visual Studio Version 17
VisualStudioVersion = 17.2.32630.192
MinimumVisualStudioVersion = 10.0.40219.1
Project("{FAE04EC0-301F-11D3-BF4B-00C04F79EFBC}") = "Atividade03", "Atividade03.csproj", "{2433BEB1-CFB1-42F3-AE92-BEB2A2A73279}"
EndProject
Global
	GlobalSection(SolutionConfigurationPlatforms) = preSolution
		Debug|Any CPU = Debug|Any CPU
		Release|Any CPU = Release|Any CPU
	EndGlobalSection
	GlobalSection(ProjectConfigurationPlatforms) = postSolution
		{2433BEB1-CFB1-42F3-AE92-BEB2A2A73279}.Debug|Any CPU.ActiveCfg = Debug|Any CPU
		{2433BEB1-CFB1-42F3-AE92-BEB2A2A73279}.Debug|Any CPU.Build.0 = Debug|Any CPU
		{2433BEB1-CFB1-42F3-AE92-BEB2A2A73279}.Release|Any CPU.ActiveCfg = Release|Any CPU
		{2433BEB1-CFB1-42F3-AE92-BEB2A2A73279}.Release|Any CPU.Build.0 = Release|Any CPU
	EndGlobalSection
	GlobalSection(SolutionProperties) = preSolution
		HideSolutionNode = FALSE
	EndGlobalSection
	GlobalSection(ExtensibilityGlobals) = postSolution
		SolutionGuid = {EFA90052-EB11-4981-8995-3BF98D385F90}
	EndGlobalSection
EndGlobal
